{"format_version":"1.1","terraform_version":"1.3.4","variables":{"config_directories":{"value":["./test"]},"log_config":{"value":null},"network":{"value":"default"},"project_id":{"value":"prj-sandbox-devops-9999"}},"planned_values":{"outputs":{"egress_allow_rules":{"sensitive":false,"type":["tuple",[]],"value":[]},"egress_deny_rules":{"sensitive":false,"type":["tuple",[]],"value":[]},"ingress_allow_rules":{"sensitive":false},"ingress_deny_rules":{"sensitive":false,"type":["tuple",[]],"value":[]}},"root_module":{"child_modules":[{"resources":[{"address":"module.firewall_rule.google_compute_firewall.rules[\"rule-name\"]","mode":"managed","type":"google_compute_firewall","name":"rules","index":"rule-name","provider_name":"registry.terraform.io/hashicorp/google","schema_version":1,"values":{"allow":[{"ports":["443","80"],"protocol":"tcp"}],"deny":[],"direction":"INGRESS","disabled":false,"log_config":[],"name":"fw-default-all-i-rule-name","network":"default","priority":1000,"project":"prj-sandbox-devops-9999","source_ranges":["0.0.0.0/0"],"source_service_accounts":null,"source_tags":["some-tag"],"target_service_accounts":null,"target_tags":null,"timeouts":null},"sensitive_values":{"allow":[{"ports":[false,false]}],"deny":[],"destination_ranges":[],"log_config":[],"source_ranges":[false],"source_tags":[false]}},{"address":"module.firewall_rule.time_static.timestamp[\"rule-name\"]","mode":"managed","type":"time_static","name":"timestamp","index":"rule-name","provider_name":"registry.terraform.io/hashicorp/time","schema_version":0,"values":{"triggers":{"name":"4be1d86c1c6261736463cbacb6fe1193"}},"sensitive_values":{"triggers":{}}}],"address":"module.firewall_rule"}]}},"resource_changes":[{"address":"module.firewall_rule.google_compute_firewall.rules[\"rule-name\"]","module_address":"module.firewall_rule","mode":"managed","type":"google_compute_firewall","name":"rules","index":"rule-name","provider_name":"registry.terraform.io/hashicorp/google","change":{"actions":["create"],"before":null,"after":{"allow":[{"ports":["443","80"],"protocol":"tcp"}],"deny":[],"direction":"INGRESS","disabled":false,"log_config":[],"name":"fw-default-all-i-rule-name","network":"default","priority":1000,"project":"prj-sandbox-devops-9999","source_ranges":["0.0.0.0/0"],"source_service_accounts":null,"source_tags":["some-tag"],"target_service_accounts":null,"target_tags":null,"timeouts":null},"after_unknown":{"allow":[{"ports":[false,false]}],"creation_timestamp":true,"deny":[],"description":true,"destination_ranges":true,"enable_logging":true,"id":true,"log_config":[],"self_link":true,"source_ranges":[false],"source_tags":[false]},"before_sensitive":false,"after_sensitive":{"allow":[{"ports":[false,false]}],"deny":[],"destination_ranges":[],"log_config":[],"source_ranges":[false],"source_tags":[false]}}},{"address":"module.firewall_rule.time_static.timestamp[\"rule-name\"]","module_address":"module.firewall_rule","mode":"managed","type":"time_static","name":"timestamp","index":"rule-name","provider_name":"registry.terraform.io/hashicorp/time","change":{"actions":["create"],"before":null,"after":{"triggers":{"name":"4be1d86c1c6261736463cbacb6fe1193"}},"after_unknown":{"day":true,"hour":true,"id":true,"minute":true,"month":true,"rfc3339":true,"second":true,"triggers":{},"unix":true,"year":true},"before_sensitive":false,"after_sensitive":{"triggers":{}}}}],"output_changes":{"egress_allow_rules":{"actions":["create"],"before":null,"after":[],"after_unknown":false,"before_sensitive":false,"after_sensitive":false},"egress_deny_rules":{"actions":["create"],"before":null,"after":[],"after_unknown":false,"before_sensitive":false,"after_sensitive":false},"ingress_allow_rules":{"actions":["create"],"before":null,"after":[{"allow":[{"ports":["443","80"],"protocol":"tcp"}],"deny":[],"direction":"INGRESS","disabled":false,"log_config":[],"name":"fw-default-all-i-rule-name","network":"default","priority":1000,"project":"prj-sandbox-devops-9999","source_ranges":["0.0.0.0/0"],"source_service_accounts":null,"source_tags":["some-tag"],"target_service_accounts":null,"target_tags":null,"timeouts":null}],"after_unknown":[{"allow":[{"ports":[false,false]}],"creation_timestamp":true,"deny":[],"description":true,"destination_ranges":true,"enable_logging":true,"id":true,"log_config":[],"self_link":true,"source_ranges":[false],"source_tags":[false]}],"before_sensitive":false,"after_sensitive":false},"ingress_deny_rules":{"actions":["create"],"before":null,"after":[],"after_unknown":false,"before_sensitive":false,"after_sensitive":false}},"prior_state":{"format_version":"1.0","terraform_version":"1.3.4","values":{"outputs":{"egress_allow_rules":{"sensitive":false,"value":[],"type":["tuple",[]]},"egress_deny_rules":{"sensitive":false,"value":[],"type":["tuple",[]]},"ingress_deny_rules":{"sensitive":false,"value":[],"type":["tuple",[]]}},"root_module":{}}},"configuration":{"provider_config":{"google":{"name":"google","full_name":"registry.terraform.io/hashicorp/google","version_constraint":"\u003e= 4.40.0"},"google-beta":{"name":"google-beta","full_name":"registry.terraform.io/hashicorp/google-beta","version_constraint":"\u003e= 4.40.0"},"module.firewall_rule:time":{"name":"time","full_name":"registry.terraform.io/hashicorp/time","module_address":"module.firewall_rule"}},"root_module":{"outputs":{"egress_allow_rules":{"expression":{"references":["module.firewall_rule.egress_allow_rules","module.firewall_rule"]},"description":"Egress rules with allow blocks."},"egress_deny_rules":{"expression":{"references":["module.firewall_rule.egress_deny_rules","module.firewall_rule"]},"description":"Egress rules with allow blocks."},"ingress_allow_rules":{"expression":{"references":["module.firewall_rule.ingress_allow_rules","module.firewall_rule"]},"description":"Ingress rules with allow blocks."},"ingress_deny_rules":{"expression":{"references":["module.firewall_rule.ingress_deny_rules","module.firewall_rule"]},"description":"Ingress rules with deny blocks."}},"module_calls":{"firewall_rule":{"source":"../..","expressions":{"config_directories":{"references":["var.config_directories"]},"network":{"references":["var.network"]},"project_id":{"references":["var.project_id"]}},"module":{"outputs":{"egress_allow_rules":{"expression":{"references":["google_compute_firewall.rules"]},"description":"Egress rules with allow blocks."},"egress_deny_rules":{"expression":{"references":["google_compute_firewall.rules"]},"description":"Egress rules with allow blocks."},"ingress_allow_rules":{"expression":{"references":["google_compute_firewall.rules"]},"description":"Ingress rules with allow blocks."},"ingress_deny_rules":{"expression":{"references":["google_compute_firewall.rules"]},"description":"Ingress rules with deny blocks."}},"resources":[{"address":"google_compute_firewall.rules","mode":"managed","type":"google_compute_firewall","name":"rules","provider_config_key":"google","expressions":{"description":{"references":["each.value.direction","each.value","var.network","each.key","time_static.timestamp","each.key"]},"destination_ranges":{"references":["each.value.destination_ranges","each.value","each.value.direction","each.value"]},"direction":{"references":["each.value.direction","each.value"]},"disabled":{"references":["each.value.disabled","each.value"]},"name":{"references":["var.network","each.value.target_service_accounts","each.value","each.value.target_tags","each.value","each.value.direction","each.value","each.key"]},"network":{"references":["var.network"]},"priority":{"references":["each.value.priority","each.value"]},"project":{"references":["var.project_id"]},"source_ranges":{"references":["each.value.source_ranges","each.value","each.value.direction","each.value"]},"source_service_accounts":{"references":["each.value.source_service_accounts","each.value"]},"source_tags":{"references":["each.value.source_tags","each.value"]},"target_service_accounts":{"references":["each.value.target_service_accounts","each.value"]},"target_tags":{"references":["each.value.target_tags","each.value"]}},"schema_version":1,"for_each_expression":{"references":["local.firewall_rules"]}},{"address":"time_static.timestamp","mode":"managed","type":"time_static","name":"timestamp","provider_config_key":"module.firewall_rule:time","expressions":{"triggers":{"references":["each.value"]}},"schema_version":0,"for_each_expression":{"references":["local.firewall_rules"]}}],"variables":{"config_directories":{"description":"List of paths to folders where firewall configs are stored in yaml format. Folder may include subfolders with configuration files. Files suffix must be `.yaml`."},"log_config":{"default":null,"description":"Log configuration. Possible values for `metadata` are `EXCLUDE_ALL_METADATA` and `INCLUDE_ALL_METADATA`. Set to `null` for disabling firewall logging."},"network":{"description":"Name of the network this set of firewall rules applies to."},"project_id":{"description":"Project Id."}}}}},"variables":{"config_directories":{"description":"List of paths to folders where firewall configs are stored in yaml format. Folder may include subfolders with configuration files. Files suffix must be `.yaml`."},"log_config":{"default":null,"description":"Log configuration. Possible values for `metadata` are `EXCLUDE_ALL_METADATA` and `INCLUDE_ALL_METADATA`. Set to `null` for disabling firewall logging."},"network":{"description":"Name of the network this set of firewall rules applies to."},"project_id":{"description":"Project Id."}}}},"relevant_attributes":[{"resource":"module.firewall_rule.time_static.timestamp","attribute":[]},{"resource":"module.firewall_rule.google_compute_firewall.rules","attribute":[]}]}
